
Microsoft Visual Studio Solution File, Format Version 12.00
# Visual Studio 15
VisualStudioVersion = 15.0.26124.0
MinimumVisualStudioVersion = 15.0.26124.0
Project("{2150E333-8FDC-42A3-9474-1A3956D46DE8}") = "src", "src", "{C100217B-2799-4DED-83A3-6DB535FF9775}"
EndProject
Project("{F2A71F9B-5D33-465A-A702-920D77279786}") = "App", "src\App\App.fsproj", "{29419683-D5E1-448F-930B-1DD3310A1DB1}"
EndProject
Project("{F2A71F9B-5D33-465A-A702-920D77279786}") = "Web", "src\Web\Web.fsproj", "{3892818D-D317-4A7C-950D-B1A17A777840}"
EndProject
Project("{F2A71F9B-5D33-465A-A702-920D77279786}") = "ToDo", "src\ToDo\ToDo.fsproj", "{B53A4A01-82F3-413E-A9B6-CAD41A6B395D}"
EndProject
Project("{F2A71F9B-5D33-465A-A702-920D77279786}") = "EdgeDB", "src\EdgeDB\EdgeDB.fsproj", "{AD1A5D43-BBE5-4012-B31A-073FA53308EE}"
EndProject
Project("{F2A71F9B-5D33-465A-A702-920D77279786}") = "Postgres", "src\Postgres\Postgres.fsproj", "{52C84406-A70C-4918-BC65-3D523E1CDEF8}"
EndProject
Global
	GlobalSection(SolutionConfigurationPlatforms) = preSolution
		Debug|Any CPU = Debug|Any CPU
		Debug|x64 = Debug|x64
		Debug|x86 = Debug|x86
		Release|Any CPU = Release|Any CPU
		Release|x64 = Release|x64
		Release|x86 = Release|x86
	EndGlobalSection
	GlobalSection(SolutionProperties) = preSolution
		HideSolutionNode = FALSE
	EndGlobalSection
	GlobalSection(ProjectConfigurationPlatforms) = postSolution
		{29419683-D5E1-448F-930B-1DD3310A1DB1}.Debug|Any CPU.ActiveCfg = Debug|Any CPU
		{29419683-D5E1-448F-930B-1DD3310A1DB1}.Debug|Any CPU.Build.0 = Debug|Any CPU
		{29419683-D5E1-448F-930B-1DD3310A1DB1}.Debug|x64.ActiveCfg = Debug|Any CPU
		{29419683-D5E1-448F-930B-1DD3310A1DB1}.Debug|x64.Build.0 = Debug|Any CPU
		{29419683-D5E1-448F-930B-1DD3310A1DB1}.Debug|x86.ActiveCfg = Debug|Any CPU
		{29419683-D5E1-448F-930B-1DD3310A1DB1}.Debug|x86.Build.0 = Debug|Any CPU
		{29419683-D5E1-448F-930B-1DD3310A1DB1}.Release|Any CPU.ActiveCfg = Release|Any CPU
		{29419683-D5E1-448F-930B-1DD3310A1DB1}.Release|Any CPU.Build.0 = Release|Any CPU
		{29419683-D5E1-448F-930B-1DD3310A1DB1}.Release|x64.ActiveCfg = Release|Any CPU
		{29419683-D5E1-448F-930B-1DD3310A1DB1}.Release|x64.Build.0 = Release|Any CPU
		{29419683-D5E1-448F-930B-1DD3310A1DB1}.Release|x86.ActiveCfg = Release|Any CPU
		{29419683-D5E1-448F-930B-1DD3310A1DB1}.Release|x86.Build.0 = Release|Any CPU
		{3892818D-D317-4A7C-950D-B1A17A777840}.Debug|Any CPU.ActiveCfg = Debug|Any CPU
		{3892818D-D317-4A7C-950D-B1A17A777840}.Debug|Any CPU.Build.0 = Debug|Any CPU
		{3892818D-D317-4A7C-950D-B1A17A777840}.Debug|x64.ActiveCfg = Debug|Any CPU
		{3892818D-D317-4A7C-950D-B1A17A777840}.Debug|x64.Build.0 = Debug|Any CPU
		{3892818D-D317-4A7C-950D-B1A17A777840}.Debug|x86.ActiveCfg = Debug|Any CPU
		{3892818D-D317-4A7C-950D-B1A17A777840}.Debug|x86.Build.0 = Debug|Any CPU
		{3892818D-D317-4A7C-950D-B1A17A777840}.Release|Any CPU.ActiveCfg = Release|Any CPU
		{3892818D-D317-4A7C-950D-B1A17A777840}.Release|Any CPU.Build.0 = Release|Any CPU
		{3892818D-D317-4A7C-950D-B1A17A777840}.Release|x64.ActiveCfg = Release|Any CPU
		{3892818D-D317-4A7C-950D-B1A17A777840}.Release|x64.Build.0 = Release|Any CPU
		{3892818D-D317-4A7C-950D-B1A17A777840}.Release|x86.ActiveCfg = Release|Any CPU
		{3892818D-D317-4A7C-950D-B1A17A777840}.Release|x86.Build.0 = Release|Any CPU
		{B53A4A01-82F3-413E-A9B6-CAD41A6B395D}.Debug|Any CPU.ActiveCfg = Debug|Any CPU
		{B53A4A01-82F3-413E-A9B6-CAD41A6B395D}.Debug|Any CPU.Build.0 = Debug|Any CPU
		{B53A4A01-82F3-413E-A9B6-CAD41A6B395D}.Debug|x64.ActiveCfg = Debug|Any CPU
		{B53A4A01-82F3-413E-A9B6-CAD41A6B395D}.Debug|x64.Build.0 = Debug|Any CPU
		{B53A4A01-82F3-413E-A9B6-CAD41A6B395D}.Debug|x86.ActiveCfg = Debug|Any CPU
		{B53A4A01-82F3-413E-A9B6-CAD41A6B395D}.Debug|x86.Build.0 = Debug|Any CPU
		{B53A4A01-82F3-413E-A9B6-CAD41A6B395D}.Release|Any CPU.ActiveCfg = Release|Any CPU
		{B53A4A01-82F3-413E-A9B6-CAD41A6B395D}.Release|Any CPU.Build.0 = Release|Any CPU
		{B53A4A01-82F3-413E-A9B6-CAD41A6B395D}.Release|x64.ActiveCfg = Release|Any CPU
		{B53A4A01-82F3-413E-A9B6-CAD41A6B395D}.Release|x64.Build.0 = Release|Any CPU
		{B53A4A01-82F3-413E-A9B6-CAD41A6B395D}.Release|x86.ActiveCfg = Release|Any CPU
		{B53A4A01-82F3-413E-A9B6-CAD41A6B395D}.Release|x86.Build.0 = Release|Any CPU
		{AD1A5D43-BBE5-4012-B31A-073FA53308EE}.Debug|Any CPU.ActiveCfg = Debug|Any CPU
		{AD1A5D43-BBE5-4012-B31A-073FA53308EE}.Debug|Any CPU.Build.0 = Debug|Any CPU
		{AD1A5D43-BBE5-4012-B31A-073FA53308EE}.Debug|x64.ActiveCfg = Debug|Any CPU
		{AD1A5D43-BBE5-4012-B31A-073FA53308EE}.Debug|x64.Build.0 = Debug|Any CPU
		{AD1A5D43-BBE5-4012-B31A-073FA53308EE}.Debug|x86.ActiveCfg = Debug|Any CPU
		{AD1A5D43-BBE5-4012-B31A-073FA53308EE}.Debug|x86.Build.0 = Debug|Any CPU
		{AD1A5D43-BBE5-4012-B31A-073FA53308EE}.Release|Any CPU.ActiveCfg = Release|Any CPU
		{AD1A5D43-BBE5-4012-B31A-073FA53308EE}.Release|Any CPU.Build.0 = Release|Any CPU
		{AD1A5D43-BBE5-4012-B31A-073FA53308EE}.Release|x64.ActiveCfg = Release|Any CPU
		{AD1A5D43-BBE5-4012-B31A-073FA53308EE}.Release|x64.Build.0 = Release|Any CPU
		{AD1A5D43-BBE5-4012-B31A-073FA53308EE}.Release|x86.ActiveCfg = Release|Any CPU
		{AD1A5D43-BBE5-4012-B31A-073FA53308EE}.Release|x86.Build.0 = Release|Any CPU
		{52C84406-A70C-4918-BC65-3D523E1CDEF8}.Debug|Any CPU.ActiveCfg = Debug|Any CPU
		{52C84406-A70C-4918-BC65-3D523E1CDEF8}.Debug|Any CPU.Build.0 = Debug|Any CPU
		{52C84406-A70C-4918-BC65-3D523E1CDEF8}.Debug|x64.ActiveCfg = Debug|Any CPU
		{52C84406-A70C-4918-BC65-3D523E1CDEF8}.Debug|x64.Build.0 = Debug|Any CPU
		{52C84406-A70C-4918-BC65-3D523E1CDEF8}.Debug|x86.ActiveCfg = Debug|Any CPU
		{52C84406-A70C-4918-BC65-3D523E1CDEF8}.Debug|x86.Build.0 = Debug|Any CPU
		{52C84406-A70C-4918-BC65-3D523E1CDEF8}.Release|Any CPU.ActiveCfg = Release|Any CPU
		{52C84406-A70C-4918-BC65-3D523E1CDEF8}.Release|Any CPU.Build.0 = Release|Any CPU
		{52C84406-A70C-4918-BC65-3D523E1CDEF8}.Release|x64.ActiveCfg = Release|Any CPU
		{52C84406-A70C-4918-BC65-3D523E1CDEF8}.Release|x64.Build.0 = Release|Any CPU
		{52C84406-A70C-4918-BC65-3D523E1CDEF8}.Release|x86.ActiveCfg = Release|Any CPU
		{52C84406-A70C-4918-BC65-3D523E1CDEF8}.Release|x86.Build.0 = Release|Any CPU
	EndGlobalSection
	GlobalSection(NestedProjects) = preSolution
		{29419683-D5E1-448F-930B-1DD3310A1DB1} = {C100217B-2799-4DED-83A3-6DB535FF9775}
		{3892818D-D317-4A7C-950D-B1A17A777840} = {C100217B-2799-4DED-83A3-6DB535FF9775}
		{B53A4A01-82F3-413E-A9B6-CAD41A6B395D} = {C100217B-2799-4DED-83A3-6DB535FF9775}
		{AD1A5D43-BBE5-4012-B31A-073FA53308EE} = {C100217B-2799-4DED-83A3-6DB535FF9775}
		{52C84406-A70C-4918-BC65-3D523E1CDEF8} = {C100217B-2799-4DED-83A3-6DB535FF9775}
	EndGlobalSection
EndGlobal
